
Microsoft Visual Studio Solution File, Format Version 12.00
# Visual Studio Version 16
VisualStudioVersion = 16.0.31129.286
MinimumVisualStudioVersion = 10.0.40219.1
Project("{2150E333-8FDC-42A3-9474-1A3956D46DE8}") = "Api", "Api", "{84977C22-BF0F-4638-A718-50ADE870D1D7}"
EndProject
Project("{2150E333-8FDC-42A3-9474-1A3956D46DE8}") = "App", "App", "{F5DDC316-B3A8-4FA8-AFF4-5507FAB47728}"
EndProject
Project("{2150E333-8FDC-42A3-9474-1A3956D46DE8}") = "Domain", "Domain", "{6753E70A-7E4B-47CB-B48C-B68272B6D96C}"
EndProject
Project("{2150E333-8FDC-42A3-9474-1A3956D46DE8}") = "Infra", "Infra", "{2BF01223-D20F-4513-BB48-2C715AC01868}"
EndProject
Project("{FAE04EC0-301F-11D3-BF4B-00C04F79EFBC}") = "Bank.Api", "src\Bank.Api\Bank.Api.csproj", "{B3D12F99-AE0A-4AD1-B71C-47AD8D2B5166}"
EndProject
Project("{FAE04EC0-301F-11D3-BF4B-00C04F79EFBC}") = "Bank.App", "src\Bank.App\Bank.App.csproj", "{FA2B685A-540A-4FBF-809C-FEA6D8CD64C2}"
EndProject
Project("{FAE04EC0-301F-11D3-BF4B-00C04F79EFBC}") = "Bank.Domain", "src\Bank.Domain\Bank.Domain.csproj", "{D3860041-89F2-4C01-9299-1ABF2781C37A}"
EndProject
Project("{FAE04EC0-301F-11D3-BF4B-00C04F79EFBC}") = "Bank.Infra.Data", "src\Bank.Infra.Data\Bank.Infra.Data.csproj", "{6C0CCB80-296D-413E-A104-A722A1D57C9B}"
EndProject
Project("{FAE04EC0-301F-11D3-BF4B-00C04F79EFBC}") = "Bank.Infra.Identity", "src\Bank.Infra.Identity\Bank.Infra.Identity.csproj", "{84F9921D-CACC-4309-87CD-C81A86FD56E9}"
EndProject
Project("{FAE04EC0-301F-11D3-BF4B-00C04F79EFBC}") = "Bank.Infra.IoC", "src\Bank.Infra.IoC\Bank.Infra.IoC.csproj", "{037EF973-6B1C-45E0-81E1-AC65F4783225}"
EndProject
Global
	GlobalSection(SolutionConfigurationPlatforms) = preSolution
		Debug|Any CPU = Debug|Any CPU
		Release|Any CPU = Release|Any CPU
	EndGlobalSection
	GlobalSection(ProjectConfigurationPlatforms) = postSolution
		{B3D12F99-AE0A-4AD1-B71C-47AD8D2B5166}.Debug|Any CPU.ActiveCfg = Debug|Any CPU
		{B3D12F99-AE0A-4AD1-B71C-47AD8D2B5166}.Debug|Any CPU.Build.0 = Debug|Any CPU
		{B3D12F99-AE0A-4AD1-B71C-47AD8D2B5166}.Release|Any CPU.ActiveCfg = Release|Any CPU
		{B3D12F99-AE0A-4AD1-B71C-47AD8D2B5166}.Release|Any CPU.Build.0 = Release|Any CPU
		{FA2B685A-540A-4FBF-809C-FEA6D8CD64C2}.Debug|Any CPU.ActiveCfg = Debug|Any CPU
		{FA2B685A-540A-4FBF-809C-FEA6D8CD64C2}.Debug|Any CPU.Build.0 = Debug|Any CPU
		{FA2B685A-540A-4FBF-809C-FEA6D8CD64C2}.Release|Any CPU.ActiveCfg = Release|Any CPU
		{FA2B685A-540A-4FBF-809C-FEA6D8CD64C2}.Release|Any CPU.Build.0 = Release|Any CPU
		{D3860041-89F2-4C01-9299-1ABF2781C37A}.Debug|Any CPU.ActiveCfg = Debug|Any CPU
		{D3860041-89F2-4C01-9299-1ABF2781C37A}.Debug|Any CPU.Build.0 = Debug|Any CPU
		{D3860041-89F2-4C01-9299-1ABF2781C37A}.Release|Any CPU.ActiveCfg = Release|Any CPU
		{D3860041-89F2-4C01-9299-1ABF2781C37A}.Release|Any CPU.Build.0 = Release|Any CPU
		{6C0CCB80-296D-413E-A104-A722A1D57C9B}.Debug|Any CPU.ActiveCfg = Debug|Any CPU
		{6C0CCB80-296D-413E-A104-A722A1D57C9B}.Debug|Any CPU.Build.0 = Debug|Any CPU
		{6C0CCB80-296D-413E-A104-A722A1D57C9B}.Release|Any CPU.ActiveCfg = Release|Any CPU
		{6C0CCB80-296D-413E-A104-A722A1D57C9B}.Release|Any CPU.Build.0 = Release|Any CPU
		{84F9921D-CACC-4309-87CD-C81A86FD56E9}.Debug|Any CPU.ActiveCfg = Debug|Any CPU
		{84F9921D-CACC-4309-87CD-C81A86FD56E9}.Debug|Any CPU.Build.0 = Debug|Any CPU
		{84F9921D-CACC-4309-87CD-C81A86FD56E9}.Release|Any CPU.ActiveCfg = Release|Any CPU
		{84F9921D-CACC-4309-87CD-C81A86FD56E9}.Release|Any CPU.Build.0 = Release|Any CPU
		{037EF973-6B1C-45E0-81E1-AC65F4783225}.Debug|Any CPU.ActiveCfg = Debug|Any CPU
		{037EF973-6B1C-45E0-81E1-AC65F4783225}.Debug|Any CPU.Build.0 = Debug|Any CPU
		{037EF973-6B1C-45E0-81E1-AC65F4783225}.Release|Any CPU.ActiveCfg = Release|Any CPU
		{037EF973-6B1C-45E0-81E1-AC65F4783225}.Release|Any CPU.Build.0 = Release|Any CPU
	EndGlobalSection
	GlobalSection(SolutionProperties) = preSolution
		HideSolutionNode = FALSE
	EndGlobalSection
	GlobalSection(NestedProjects) = preSolution
		{B3D12F99-AE0A-4AD1-B71C-47AD8D2B5166} = {84977C22-BF0F-4638-A718-50ADE870D1D7}
		{FA2B685A-540A-4FBF-809C-FEA6D8CD64C2} = {F5DDC316-B3A8-4FA8-AFF4-5507FAB47728}
		{D3860041-89F2-4C01-9299-1ABF2781C37A} = {6753E70A-7E4B-47CB-B48C-B68272B6D96C}
		{6C0CCB80-296D-413E-A104-A722A1D57C9B} = {2BF01223-D20F-4513-BB48-2C715AC01868}
		{84F9921D-CACC-4309-87CD-C81A86FD56E9} = {2BF01223-D20F-4513-BB48-2C715AC01868}
		{037EF973-6B1C-45E0-81E1-AC65F4783225} = {2BF01223-D20F-4513-BB48-2C715AC01868}
	EndGlobalSection
	GlobalSection(ExtensibilityGlobals) = postSolution
		SolutionGuid = {844D9B35-8A32-45C8-ABAC-C5E8AD2E1C14}
	EndGlobalSection
EndGlobal
